// !$*UTF8*$!
{
	archiveVersion = 1;
	classes = {
	};
	objectVersion = 77;
	objects = {

/* Begin PBXContainerItemProxy section */
		92478FC02E47608700D5955B /* PBXContainerItemProxy */ = {
			isa = PBXContainerItemProxy;
			containerPortal = 92478FA92E47608600D5955B /* Project object */;
			proxyType = 1;
			remoteGlobalIDString = 92478FB02E47608600D5955B;
			remoteInfo = mTask;
		};
		92478FCA2E47608700D5955B /* PBXContainerItemProxy */ = {
			isa = PBXContainerItemProxy;
			containerPortal = 92478FA92E47608600D5955B /* Project object */;
			proxyType = 1;
			remoteGlobalIDString = 92478FB02E47608600D5955B;
			remoteInfo = mTask;
		};
/* End PBXContainerItemProxy section */

/* Begin PBXFileReference section */
		92478FB12E47608600D5955B /* mTask.app */ = {isa = PBXFileReference; explicitFileType = wrapper.application; includeInIndex = 0; path = mTask.app; sourceTree = BUILT_PRODUCTS_DIR; };
		92478FBF2E47608700D5955B /* mTaskTests.xctest */ = {isa = PBXFileReference; explicitFileType = wrapper.cfbundle; includeInIndex = 0; path = mTaskTests.xctest; sourceTree = BUILT_PRODUCTS_DIR; };
		92478FC92E47608700D5955B /* mTaskUITests.xctest */ = {isa = PBXFileReference; explicitFileType = wrapper.cfbundle; includeInIndex = 0; path = mTaskUITests.xctest; sourceTree = BUILT_PRODUCTS_DIR; };
/* End PBXFileReference section */

/* Begin PBXFileSystemSynchronizedRootGroup section */
		92478FB32E47608600D5955B /* mTask */ = {
			isa = PBXFileSystemSynchronizedRootGroup;
			path = mTask;
			sourceTree = "<group>";
		};
		92478FC22E47608700D5955B /* mTaskTests */ = {
			isa = PBXFileSystemSynchronizedRootGroup;
			path = mTaskTests;
			sourceTree = "<group>";
		};
		92478FCC2E47608700D5955B /* mTaskUITests */ = {
			isa = PBXFileSystemSynchronizedRootGroup;
			path = mTaskUITests;
			sourceTree = "<group>";
		};
/* End PBXFileSystemSynchronizedRootGroup section */

/* Begin PBXFrameworksBuildPhase section */
		92478FAE2E47608600D5955B /* Frameworks */ = {
			isa = PBXFrameworksBuildPhase;
			buildActionMask = 2147483647;
			files = (
			);
			runOnlyForDeploymentPostprocessing = 0;
		};
		92478FBC2E47608700D5955B /* Frameworks */ = {
			isa = PBXFrameworksBuildPhase;
			buildActionMask = 2147483647;
			files = (
			);
			runOnlyForDeploymentPostprocessing = 0;
		};
		92478FC62E47608700D5955B /* Frameworks */ = {
			isa = PBXFrameworksBuildPhase;
			buildActionMask = 2147483647;
			files = (
			);
			runOnlyForDeploymentPostprocessing = 0;
		};
/* End PBXFrameworksBuildPhase section */

/* Begin PBXGroup section */
		92478FA82E47608600D5955B = {
			isa = PBXGroup;
			children = (
				92478FB32E47608600D5955B /* mTask */,
				92478FC22E47608700D5955B /* mTaskTests */,
				92478FCC2E47608700D5955B /* mTaskUITests */,
				92478FB22E47608600D5955B /* Products */,
			);
			sourceTree = "<group>";
		};
		92478FB22E47608600D5955B /* Products */ = {
			isa = PBXGroup;
			children = (
				92478FB12E47608600D5955B /* mTask.app */,
				92478FBF2E47608700D5955B /* mTaskTests.xctest */,
				92478FC92E47608700D5955B /* mTaskUITests.xctest */,
			);
			name = Products;
			sourceTree = "<group>";
		};
/* End PBXGroup section */

/* Begin PBXNativeTarget section */
		92478FB02E47608600D5955B /* mTask */ = {
			isa = PBXNativeTarget;
			buildConfigurationList = 92478FD32E47608700D5955B /* Build configuration list for PBXNativeTarget "mTask" */;
			buildPhases = (
				92478FAD2E47608600D5955B /* Sources */,
				92478FAE2E47608600D5955B /* Frameworks */,
				92478FAF2E47608600D5955B /* Resources */,
			);
			buildRules = (
			);
			dependencies = (
			);
			fileSystemSynchronizedGroups = (
				92478FB32E47608600D5955B /* mTask */,
			);
			name = mTask;
			packageProductDependencies = (
			);
			productName = mTask;
			productReference = 92478FB12E47608600D5955B /* mTask.app */;
			productType = "com.apple.product-type.application";
		};
		92478FBE2E47608700D5955B /* mTaskTests */ = {
			isa = PBXNativeTarget;
			buildConfigurationList = 92478FD62E47608700D5955B /* Build configuration list for PBXNativeTarget "mTaskTests" */;
			buildPhases = (
				92478FBB2E47608700D5955B /* Sources */,
				92478FBC2E47608700D5955B /* Frameworks */,
				92478FBD2E47608700D5955B /* Resources */,
			);
			buildRules = (
			);
			dependencies = (
				92478FC12E47608700D5955B /* PBXTargetDependency */,
			);
			fileSystemSynchronizedGroups = (
				92478FC22E47608700D5955B /* mTaskTests */,
			);
			name = mTaskTests;
			packageProductDependencies = (
			);
			productName = mTaskTests;
			productReference = 92478FBF2E47608700D5955B /* mTaskTests.xctest */;
			productType = "com.apple.product-type.bundle.unit-test";
		};
		92478FC82E47608700D5955B /* mTaskUITests */ = {
			isa = PBXNativeTarget;
			buildConfigurationList = 92478FD92E47608700D5955B /* Build configuration list for PBXNativeTarget "mTaskUITests" */;
			buildPhases = (
				92478FC52E47608700D5955B /* Sources */,
				92478FC62E47608700D5955B /* Frameworks */,
				92478FC72E47608700D5955B /* Resources */,
			);
			buildRules = (
			);
			dependencies = (
				92478FCB2E47608700D5955B /* PBXTargetDependency */,
			);
			fileSystemSynchronizedGroups = (
				92478FCC2E47608700D5955B /* mTaskUITests */,
			);
			name = mTaskUITests;
			packageProductDependencies = (
			);
			productName = mTaskUITests;
			productReference = 92478FC92E47608700D5955B /* mTaskUITests.xctest */;
			productType = "com.apple.product-type.bundle.ui-testing";
		};
/* End PBXNativeTarget section */

/* Begin PBXProject section */
		92478FA92E47608600D5955B /* Project object */ = {
			isa = PBXProject;
			attributes = {
				BuildIndependentTargetsInParallel = 1;
				LastSwiftUpdateCheck = 1640;
				LastUpgradeCheck = 1640;
				TargetAttributes = {
					92478FB02E47608600D5955B = {
						CreatedOnToolsVersion = 16.4;
					};
					92478FBE2E47608700D5955B = {
						CreatedOnToolsVersion = 16.4;
						TestTargetID = 92478FB02E47608600D5955B;
					};
					92478FC82E47608700D5955B = {
						CreatedOnToolsVersion = 16.4;
						TestTargetID = 92478FB02E47608600D5955B;
					};
				};
			};
			buildConfigurationList = 92478FAC2E47608600D5955B /* Build configuration list for PBXProject "mTask" */;
			developmentRegion = en;
			hasScannedForEncodings = 0;
			knownRegions = (
				en,
				Base,
			);
			mainGroup = 92478FA82E47608600D5955B;
			minimizedProjectReferenceProxies = 1;
			preferredProjectObjectVersion = 77;
			productRefGroup = 92478FB22E47608600D5955B /* Products */;
			projectDirPath = "";
			projectRoot = "";
			targets = (
				92478FB02E47608600D5955B /* mTask */,
				92478FBE2E47608700D5955B /* mTaskTests */,
				92478FC82E47608700D5955B /* mTaskUITests */,
			);
		};
/* End PBXProject section */

/* Begin PBXResourcesBuildPhase section */
		92478FAF2E47608600D5955B /* Resources */ = {
			isa = PBXResourcesBuildPhase;
			buildActionMask = 2147483647;
			files = (
			);
			runOnlyForDeploymentPostprocessing = 0;
		};
		92478FBD2E47608700D5955B /* Resources */ = {
			isa = PBXResourcesBuildPhase;
			buildActionMask = 2147483647;
			files = (
			);
			runOnlyForDeploymentPostprocessing = 0;
		};
		92478FC72E47608700D5955B /* Resources */ = {
			isa = PBXResourcesBuildPhase;
			buildActionMask = 2147483647;
			files = (
			);
			runOnlyForDeploymentPostprocessing = 0;
		};
/* End PBXResourcesBuildPhase section */

/* Begin PBXSourcesBuildPhase section */
		92478FAD2E47608600D5955B /* Sources */ = {
			isa = PBXSourcesBuildPhase;
			buildActionMask = 2147483647;
			files = (
			);
			runOnlyForDeploymentPostprocessing = 0;
		};
		92478FBB2E47608700D5955B /* Sources */ = {
			isa = PBXSourcesBuildPhase;
			buildActionMask = 2147483647;
			files = (
			);
			runOnlyForDeploymentPostprocessing = 0;
		};
		92478FC52E47608700D5955B /* Sources */ = {
			isa = PBXSourcesBuildPhase;
			buildActionMask = 2147483647;
			files = (
			);
			runOnlyForDeploymentPostprocessing = 0;
		};
/* End PBXSourcesBuildPhase section */

/* Begin PBXTargetDependency section */
		92478FC12E47608700D5955B /* PBXTargetDependency */ = {
			isa = PBXTargetDependency;
			target = 92478FB02E47608600D5955B /* mTask */;
			targetProxy = 92478FC02E47608700D5955B /* PBXContainerItemProxy */;
		};
		92478FCB2E47608700D5955B /* PBXTargetDependency */ = {
			isa = PBXTargetDependency;
			target = 92478FB02E47608600D5955B /* mTask */;
			targetProxy = 92478FCA2E47608700D5955B /* PBXContainerItemProxy */;
		};
/* End PBXTargetDependency section */

/* Begin XCBuildConfiguration section */
		92478FD12E47608700D5955B /* Debug */ = {
			isa = XCBuildConfiguration;
			buildSettings = {
				ALWAYS_SEARCH_USER_PATHS = NO;
				ASSETCATALOG_COMPILER_GENERATE_SWIFT_ASSET_SYMBOL_EXTENSIONS = YES;
				CLANG_ANALYZER_NONNULL = YES;
				CLANG_ANALYZER_NUMBER_OBJECT_CONVERSION = YES_AGGRESSIVE;
				CLANG_CXX_LANGUAGE_STANDARD = "gnu++20";
				CLANG_ENABLE_MODULES = YES;
				CLANG_ENABLE_OBJC_ARC = YES;
				CLANG_ENABLE_OBJC_WEAK = YES;
				CLANG_WARN_BLOCK_CAPTURE_AUTORELEASING = YES;
				CLANG_WARN_BOOL_CONVERSION = YES;
				CLANG_WARN_COMMA = YES;
				CLANG_WARN_CONSTANT_CONVERSION = YES;
				CLANG_WARN_DEPRECATED_OBJC_IMPLEMENTATIONS = YES;
				CLANG_WARN_DIRECT_OBJC_ISA_USAGE = YES_ERROR;
				CLANG_WARN_DOCUMENTATION_COMMENTS = YES;
				CLANG_WARN_EMPTY_BODY = YES;
				CLANG_WARN_ENUM_CONVERSION = YES;
				CLANG_WARN_INFINITE_RECURSION = YES;
				CLANG_WARN_INT_CONVERSION = YES;
				CLANG_WARN_NON_LITERAL_NULL_CONVERSION = YES;
				CLANG_WARN_OBJC_IMPLICIT_RETAIN_SELF = YES;
				CLANG_WARN_OBJC_LITERAL_CONVERSION = YES;
				CLANG_WARN_OBJC_ROOT_CLASS = YES_ERROR;
				CLANG_WARN_QUOTED_INCLUDE_IN_FRAMEWORK_HEADER = YES;
				CLANG_WARN_RANGE_LOOP_ANALYSIS = YES;
				CLANG_WARN_STRICT_PROTOTYPES = YES;
				CLANG_WARN_SUSPICIOUS_MOVE = YES;
				CLANG_WARN_UNGUARDED_AVAILABILITY = YES_AGGRESSIVE;
				CLANG_WARN_UNREACHABLE_CODE = YES;
				CLANG_WARN__DUPLICATE_METHOD_MATCH = YES;
				COPY_PHASE_STRIP = NO;
				DEBUG_INFORMATION_FORMAT = dwarf;
				ENABLE_STRICT_OBJC_MSGSEND = YES;
				ENABLE_TESTABILITY = YES;
				ENABLE_USER_SCRIPT_SANDBOXING = YES;
				GCC_C_LANGUAGE_STANDARD = gnu17;
				GCC_DYNAMIC_NO_PIC = NO;
				GCC_NO_COMMON_BLOCKS = YES;
				GCC_OPTIMIZATION_LEVEL = 0;
				GCC_PREPROCESSOR_DEFINITIONS = (
					"DEBUG=1",
					"$(inherited)",
				);
				GCC_WARN_64_TO_32_BIT_CONVERSION = YES;
				GCC_WARN_ABOUT_RETURN_TYPE = YES_ERROR;
				GCC_WARN_UNDECLARED_SELECTOR = YES;
				GCC_WARN_UNINITIALIZED_AUTOS = YES_AGGRESSIVE;
				GCC_WARN_UNUSED_FUNCTION = YES;
				GCC_WARN_UNUSED_VARIABLE = YES;
				LOCALIZATION_PREFERS_STRING_CATALOGS = YES;
				MACOSX_DEPLOYMENT_TARGET = 15.5;
				MTL_ENABLE_DEBUG_INFO = INCLUDE_SOURCE;
				MTL_FAST_MATH = YES;
				ONLY_ACTIVE_ARCH = YES;
				SDKROOT = macosx;
				SWIFT_ACTIVE_COMPILATION_CONDITIONS = "DEBUG $(inherited)";
				SWIFT_OPTIMIZATION_LEVEL = "-Onone";
			};
			name = Debug;
		};
		92478FD22E47608700D5955B /* Release */ = {
			isa = XCBuildConfiguration;
			buildSettings = {
				ALWAYS_SEARCH_USER_PATHS = NO;
				ASSETCATALOG_COMPILER_GENERATE_SWIFT_ASSET_SYMBOL_EXTENSIONS = YES;
				CLANG_ANALYZER_NONNULL = YES;
				CLANG_ANALYZER_NUMBER_OBJECT_CONVERSION = YES_AGGRESSIVE;
				CLANG_CXX_LANGUAGE_STANDARD = "gnu++20";
				CLANG_ENABLE_MODULES = YES;
				CLANG_ENABLE_OBJC_ARC = YES;
				CLANG_ENABLE_OBJC_WEAK = YES;
				CLANG_WARN_BLOCK_CAPTURE_AUTORELEASING = YES;
				CLANG_WARN_BOOL_CONVERSION = YES;
				CLANG_WARN_COMMA = YES;
				CLANG_WARN_CONSTANT_CONVERSION = YES;
				CLANG_WARN_DEPRECATED_OBJC_IMPLEMENTATIONS = YES;
				CLANG_WARN_DIRECT_OBJC_ISA_USAGE = YES_ERROR;
				CLANG_WARN_DOCUMENTATION_COMMENTS = YES;
				CLANG_WARN_EMPTY_BODY = YES;
				CLANG_WARN_ENUM_CONVERSION = YES;
				CLANG_WARN_INFINITE_RECURSION = YES;
				CLANG_WARN_INT_CONVERSION = YES;
				CLANG_WARN_NON_LITERAL_NULL_CONVERSION = YES;
				CLANG_WARN_OBJC_IMPLICIT_RETAIN_SELF = YES;
				CLANG_WARN_OBJC_LITERAL_CONVERSION = YES;
				CLANG_WARN_OBJC_ROOT_CLASS = YES_ERROR;
				CLANG_WARN_QUOTED_INCLUDE_IN_FRAMEWORK_HEADER = YES;
				CLANG_WARN_RANGE_LOOP_ANALYSIS = YES;
				CLANG_WARN_STRICT_PROTOTYPES = YES;
				CLANG_WARN_SUSPICIOUS_MOVE = YES;
				CLANG_WARN_UNGUARDED_AVAILABILITY = YES_AGGRESSIVE;
				CLANG_WARN_UNREACHABLE_CODE = YES;
				CLANG_WARN__DUPLICATE_METHOD_MATCH = YES;
				COPY_PHASE_STRIP = NO;
				DEBUG_INFORMATION_FORMAT = "dwarf-with-dsym";
				ENABLE_NS_ASSERTIONS = NO;
				ENABLE_STRICT_OBJC_MSGSEND = YES;
				ENABLE_USER_SCRIPT_SANDBOXING = YES;
				GCC_C_LANGUAGE_STANDARD = gnu17;
				GCC_NO_COMMON_BLOCKS = YES;
				GCC_WARN_64_TO_32_BIT_CONVERSION = YES;
				GCC_WARN_ABOUT_RETURN_TYPE = YES_ERROR;
				GCC_WARN_UNDECLARED_SELECTOR = YES;
				GCC_WARN_UNINITIALIZED_AUTOS = YES_AGGRESSIVE;
				GCC_WARN_UNUSED_FUNCTION = YES;
				GCC_WARN_UNUSED_VARIABLE = YES;
				LOCALIZATION_PREFERS_STRING_CATALOGS = YES;
				MACOSX_DEPLOYMENT_TARGET = 15.5;
				MTL_ENABLE_DEBUG_INFO = NO;
				MTL_FAST_MATH = YES;
				SDKROOT = macosx;
				SWIFT_COMPILATION_MODE = wholemodule;
			};
			name = Release;
		};
		92478FD42E47608700D5955B /* Debug */ = {
			isa = XCBuildConfiguration;
			buildSettings = {
				ASSETCATALOG_COMPILER_APPICON_NAME = AppIcon;
				ASSETCATALOG_COMPILER_GLOBAL_ACCENT_COLOR_NAME = AccentColor;
				CODE_SIGN_ENTITLEMENTS = mTask/mTask.entitlements;
				CODE_SIGN_STYLE = Automatic;
				COMBINE_HIDPI_IMAGES = YES;
				CURRENT_PROJECT_VERSION = 1;
				ENABLE_PREVIEWS = YES;
				GENERATE_INFOPLIST_FILE = YES;
				INFOPLIST_KEY_NSHumanReadableCopyright = "";
				LD_RUNPATH_SEARCH_PATHS = (
					"$(inherited)",
					"@executable_path/../Frameworks",
				);
				MARKETING_VERSION = 1.0;
				PRODUCT_BUNDLE_IDENTIFIER = vipul.mTask;
				PRODUCT_NAME = "$(TARGET_NAME)";
				REGISTER_APP_GROUPS = YES;
				SWIFT_EMIT_LOC_STRINGS = YES;
				SWIFT_VERSION = 5.0;
			};
			name = Debug;
		};
		92478FD52E47608700D5955B /* Release */ = {
			isa = XCBuildConfiguration;
			buildSettings = {
				ASSETCATALOG_COMPILER_APPICON_NAME = AppIcon;
				ASSETCATALOG_COMPILER_GLOBAL_ACCENT_COLOR_NAME = AccentColor;
				CODE_SIGN_ENTITLEMENTS = mTask/mTask.entitlements;
				CODE_SIGN_STYLE = Automatic;
				COMBINE_HIDPI_IMAGES = YES;
				CURRENT_PROJECT_VERSION = 1;
				ENABLE_PREVIEWS = YES;
				GENERATE_INFOPLIST_FILE = YES;
				INFOPLIST_KEY_NSHumanReadableCopyright = "";
				LD_RUNPATH_SEARCH_PATHS = (
					"$(inherited)",
					"@executable_path/../Frameworks",
				);
				MARKETING_VERSION = 1.0;
				PRODUCT_BUNDLE_IDENTIFIER = vipul.mTask;
				PRODUCT_NAME = "$(TARGET_NAME)";
				REGISTER_APP_GROUPS = YES;
				SWIFT_EMIT_LOC_STRINGS = YES;
				SWIFT_VERSION = 5.0;
			};
			name = Release;
		};
		92478FD72E47608700D5955B /* Debug */ = {
			isa = XCBuildConfiguration;
			buildSettings = {
				BUNDLE_LOADER = "$(TEST_HOST)";
				CODE_SIGN_STYLE = Automatic;
				CURRENT_PROJECT_VERSION = 1;
				GENERATE_INFOPLIST_FILE = YES;
				MACOSX_DEPLOYMENT_TARGET = 15.5;
				MARKETING_VERSION = 1.0;
				PRODUCT_BUNDLE_IDENTIFIER = vipul.mTaskTests;
				PRODUCT_NAME = "$(TARGET_NAME)";
				SWIFT_EMIT_LOC_STRINGS = NO;
				SWIFT_VERSION = 5.0;
				TEST_HOST = "$(BUILT_PRODUCTS_DIR)/mTask.app/$(BUNDLE_EXECUTABLE_FOLDER_PATH)/mTask";
			};
			name = Debug;
		};
		92478FD82E47608700D5955B /* Release */ = {
			isa = XCBuildConfiguration;
			buildSettings = {
				BUNDLE_LOADER = "$(TEST_HOST)";
				CODE_SIGN_STYLE = Automatic;
				CURRENT_PROJECT_VERSION = 1;
				GENERATE_INFOPLIST_FILE = YES;
				MACOSX_DEPLOYMENT_TARGET = 15.5;
				MARKETING_VERSION = 1.0;
				PRODUCT_BUNDLE_IDENTIFIER = vipul.mTaskTests;
				PRODUCT_NAME = "$(TARGET_NAME)";
				SWIFT_EMIT_LOC_STRINGS = NO;
				SWIFT_VERSION = 5.0;
				TEST_HOST = "$(BUILT_PRODUCTS_DIR)/mTask.app/$(BUNDLE_EXECUTABLE_FOLDER_PATH)/mTask";
			};
			name = Release;
		};
		92478FDA2E47608700D5955B /* Debug */ = {
			isa = XCBuildConfiguration;
			buildSettings = {
				CODE_SIGN_STYLE = Automatic;
				CURRENT_PROJECT_VERSION = 1;
				GENERATE_INFOPLIST_FILE = YES;
				MARKETING_VERSION = 1.0;
				PRODUCT_BUNDLE_IDENTIFIER = vipul.mTaskUITests;
				PRODUCT_NAME = "$(TARGET_NAME)";
				SWIFT_EMIT_LOC_STRINGS = NO;
				SWIFT_VERSION = 5.0;
				TEST_TARGET_NAME = mTask;
			};
			name = Debug;
		};
		92478FDB2E47608700D5955B /* Release */ = {
			isa = XCBuildConfiguration;
			buildSettings = {
				CODE_SIGN_STYLE = Automatic;
				CURRENT_PROJECT_VERSION = 1;
				GENERATE_INFOPLIST_FILE = YES;
				MARKETING_VERSION = 1.0;
				PRODUCT_BUNDLE_IDENTIFIER = vipul.mTaskUITests;
				PRODUCT_NAME = "$(TARGET_NAME)";
				SWIFT_EMIT_LOC_STRINGS = NO;
				SWIFT_VERSION = 5.0;
				TEST_TARGET_NAME = mTask;
			};
			name = Release;
		};
/* End XCBuildConfiguration section */

/* Begin XCConfigurationList section */
		92478FAC2E47608600D5955B /* Build configuration list for PBXProject "mTask" */ = {
			isa = XCConfigurationList;
			buildConfigurations = (
				92478FD12E47608700D5955B /* Debug */,
				92478FD22E47608700D5955B /* Release */,
			);
			defaultConfigurationIsVisible = 0;
			defaultConfigurationName = Release;
		};
		92478FD32E47608700D5955B /* Build configuration list for PBXNativeTarget "mTask" */ = {
			isa = XCConfigurationList;
			buildConfigurations = (
				92478FD42E47608700D5955B /* Debug */,
				92478FD52E47608700D5955B /* Release */,
			);
			defaultConfigurationIsVisible = 0;
			defaultConfigurationName = Release;
		};
		92478FD62E47608700D5955B /* Build configuration list for PBXNativeTarget "mTaskTests" */ = {
			isa = XCConfigurationList;
			buildConfigurations = (
				92478FD72E47608700D5955B /* Debug */,
				92478FD82E47608700D5955B /* Release */,
			);
			defaultConfigurationIsVisible = 0;
			defaultConfigurationName = Release;
		};
		92478FD92E47608700D5955B /* Build configuration list for PBXNativeTarget "mTaskUITests" */ = {
			isa = XCConfigurationList;
			buildConfigurations = (
				92478FDA2E47608700D5955B /* Debug */,
				92478FDB2E47608700D5955B /* Release */,
			);
			defaultConfigurationIsVisible = 0;
			defaultConfigurationName = Release;
		};
/* End XCConfigurationList section */
	};
	rootObject = 92478FA92E47608600D5955B /* Project object */;
}
